
Microsoft Visual Studio Solution File, Format Version 12.00
# Visual Studio 15
VisualStudioVersion = 15.0.28307.539
MinimumVisualStudioVersion = 10.0.40219.1
Project("{FAE04EC0-301F-11D3-BF4B-00C04F79EFBC}") = "Core", "Core\Core.csproj", "{8F6D775E-28ED-46FA-BB22-31C9311454DA}"
EndProject
Project("{FAE04EC0-301F-11D3-BF4B-00C04F79EFBC}") = "Testing", "Testing\Testing.csproj", "{778A407A-4CD1-4E01-8909-06FEC767CF99}"
EndProject
Global
	GlobalSection(SolutionConfigurationPlatforms) = preSolution
		Debug|Any CPU = Debug|Any CPU
		Release|Any CPU = Release|Any CPU
	EndGlobalSection
	GlobalSection(ProjectConfigurationPlatforms) = postSolution
		{8F6D775E-28ED-46FA-BB22-31C9311454DA}.Debug|Any CPU.ActiveCfg = Debug|Any CPU
		{8F6D775E-28ED-46FA-BB22-31C9311454DA}.Debug|Any CPU.Build.0 = Debug|Any CPU
		{8F6D775E-28ED-46FA-BB22-31C9311454DA}.Release|Any CPU.ActiveCfg = Release|Any CPU
		{8F6D775E-28ED-46FA-BB22-31C9311454DA}.Release|Any CPU.Build.0 = Release|Any CPU
		{778A407A-4CD1-4E01-8909-06FEC767CF99}.Debug|Any CPU.ActiveCfg = Debug|Any CPU
		{778A407A-4CD1-4E01-8909-06FEC767CF99}.Debug|Any CPU.Build.0 = Debug|Any CPU
		{778A407A-4CD1-4E01-8909-06FEC767CF99}.Release|Any CPU.ActiveCfg = Release|Any CPU
		{778A407A-4CD1-4E01-8909-06FEC767CF99}.Release|Any CPU.Build.0 = Release|Any CPU
	EndGlobalSection
	GlobalSection(SolutionProperties) = preSolution
		HideSolutionNode = FALSE
	EndGlobalSection
	GlobalSection(ExtensibilityGlobals) = postSolution
		SolutionGuid = {54224D29-C6BB-4A24-9210-F59088124BD5}
	EndGlobalSection
EndGlobal
